
Microsoft Visual Studio Solution File, Format Version 12.00
# Visual Studio Version 16
VisualStudioVersion = 16.0.30804.86
MinimumVisualStudioVersion = 10.0.40219.1
Project("{FAE04EC0-301F-11D3-BF4B-00C04F79EFBC}") = "Biblioteka", "Biblioteka.csproj", "{07C148EE-1C8A-4FB2-8520-31D9986C4D57}"
EndProject
Global
	GlobalSection(SolutionConfigurationPlatforms) = preSolution
		Debug|Any CPU = Debug|Any CPU
		Release|Any CPU = Release|Any CPU
	EndGlobalSection
	GlobalSection(ProjectConfigurationPlatforms) = postSolution
		{07C148EE-1C8A-4FB2-8520-31D9986C4D57}.Debug|Any CPU.ActiveCfg = Debug|Any CPU
		{07C148EE-1C8A-4FB2-8520-31D9986C4D57}.Debug|Any CPU.Build.0 = Debug|Any CPU
		{07C148EE-1C8A-4FB2-8520-31D9986C4D57}.Release|Any CPU.ActiveCfg = Release|Any CPU
		{07C148EE-1C8A-4FB2-8520-31D9986C4D57}.Release|Any CPU.Build.0 = Release|Any CPU
	EndGlobalSection
	GlobalSection(SolutionProperties) = preSolution
		HideSolutionNode = FALSE
	EndGlobalSection
	GlobalSection(ExtensibilityGlobals) = postSolution
		SolutionGuid = {4AEA13A2-E704-4F16-8B85-74C2B39D4D42}
	EndGlobalSection
EndGlobal
